
Microsoft Visual Studio Solution File, Format Version 12.00
# Visual Studio 15
VisualStudioVersion = 15.0.27130.2026
MinimumVisualStudioVersion = 10.0.40219.1
Project("{9A19103F-16F7-4668-BE54-9A1E7A4F7556}") = "LoRaWan.NetworkServer", "LoRaWan.NetworkServer\LoRaWan.NetworkServer.csproj", "{E7F85C7C-EB2E-4B38-9DC2-2957FEF5E78C}"
EndProject
Project("{9A19103F-16F7-4668-BE54-9A1E7A4F7556}") = "LoRaWanNetworkSrvModule", "LoRaWanNetworkSrvModule\LoRaWanNetworkSrvModule.csproj", "{A0391B57-5A0F-482B-8FF1-0F96335CB182}"
EndProject
Project("{9A19103F-16F7-4668-BE54-9A1E7A4F7556}") = "LoRaWanTest", "LoRaWanTest\LoRaWanTest.csproj", "{E8F006CD-4DBB-4F4F-BFBC-E350A600F63F}"
EndProject
Project("{9A19103F-16F7-4668-BE54-9A1E7A4F7556}") = "LoraKeysManagerFacade", "LoraKeysManagerFacade\LoraKeysManagerFacade.csproj", "{7E3FDAAC-242D-40CD-9782-0A8487FD0070}"
EndProject
Project("{9A19103F-16F7-4668-BE54-9A1E7A4F7556}") = "LoRaTools", "LoraTools\LoRaTools.csproj", "{01319EE9-D2D4-4946-9663-6177DDFA4D54}"
EndProject
Project("{2150E333-8FDC-42A3-9474-1A3956D46DE8}") = "LoRaDevTools", "LoRaDevTools", "{3BA3991C-C8EC-4B0B-AC58-30C2382E41BF}"
EndProject
Project("{9A19103F-16F7-4668-BE54-9A1E7A4F7556}") = "LoRaWanManagerTest", "LoRaDevTools\LoRaWanManagerTest\LoRaWanManagerTest.csproj", "{018B4391-8C98-445A-9EC9-92AD4B9CD756}"
EndProject
Project("{9A19103F-16F7-4668-BE54-9A1E7A4F7556}") = "LoRaWanNetworkSrvCmdWrapper", "LoRaDevTools\LoRaWanNetworkSrvCmdWrapper\LoRaWanNetworkSrvCmdWrapper.csproj", "{ACC85EF2-35D8-4A48-AA09-24BC6740CAC0}"
EndProject
Project("{9A19103F-16F7-4668-BE54-9A1E7A4F7556}") = "PacketForwarderSimulator", "LoRaDevTools\PacketForwarderSimulator\PacketForwarderSimulator.csproj", "{BF116920-FD6E-46F3-AA3A-B401F18AC44F}"
EndProject
Project("{9A19103F-16F7-4668-BE54-9A1E7A4F7556}") = "TestAppForEverything", "LoRaDevTools\TestAppForEverything\TestAppForEverything.csproj", "{63839911-E215-4478-A3BA-80D7F9F27883}"
EndProject
Global
	GlobalSection(SolutionConfigurationPlatforms) = preSolution
		Debug|Any CPU = Debug|Any CPU
		Debug|x86 = Debug|x86
		Release|Any CPU = Release|Any CPU
		Release|x86 = Release|x86
	EndGlobalSection
	GlobalSection(ProjectConfigurationPlatforms) = postSolution
		{E7F85C7C-EB2E-4B38-9DC2-2957FEF5E78C}.Debug|Any CPU.ActiveCfg = Debug|Any CPU
		{E7F85C7C-EB2E-4B38-9DC2-2957FEF5E78C}.Debug|Any CPU.Build.0 = Debug|Any CPU
		{E7F85C7C-EB2E-4B38-9DC2-2957FEF5E78C}.Debug|x86.ActiveCfg = Debug|Any CPU
		{E7F85C7C-EB2E-4B38-9DC2-2957FEF5E78C}.Debug|x86.Build.0 = Debug|Any CPU
		{E7F85C7C-EB2E-4B38-9DC2-2957FEF5E78C}.Release|Any CPU.ActiveCfg = Release|Any CPU
		{E7F85C7C-EB2E-4B38-9DC2-2957FEF5E78C}.Release|Any CPU.Build.0 = Release|Any CPU
		{E7F85C7C-EB2E-4B38-9DC2-2957FEF5E78C}.Release|x86.ActiveCfg = Release|Any CPU
		{E7F85C7C-EB2E-4B38-9DC2-2957FEF5E78C}.Release|x86.Build.0 = Release|Any CPU
		{A0391B57-5A0F-482B-8FF1-0F96335CB182}.Debug|Any CPU.ActiveCfg = Debug|Any CPU
		{A0391B57-5A0F-482B-8FF1-0F96335CB182}.Debug|Any CPU.Build.0 = Debug|Any CPU
		{A0391B57-5A0F-482B-8FF1-0F96335CB182}.Debug|x86.ActiveCfg = Debug|Any CPU
		{A0391B57-5A0F-482B-8FF1-0F96335CB182}.Debug|x86.Build.0 = Debug|Any CPU
		{A0391B57-5A0F-482B-8FF1-0F96335CB182}.Release|Any CPU.ActiveCfg = Release|Any CPU
		{A0391B57-5A0F-482B-8FF1-0F96335CB182}.Release|Any CPU.Build.0 = Release|Any CPU
		{A0391B57-5A0F-482B-8FF1-0F96335CB182}.Release|x86.ActiveCfg = Release|Any CPU
		{A0391B57-5A0F-482B-8FF1-0F96335CB182}.Release|x86.Build.0 = Release|Any CPU
		{E8F006CD-4DBB-4F4F-BFBC-E350A600F63F}.Debug|Any CPU.ActiveCfg = Debug|Any CPU
		{E8F006CD-4DBB-4F4F-BFBC-E350A600F63F}.Debug|Any CPU.Build.0 = Debug|Any CPU
		{E8F006CD-4DBB-4F4F-BFBC-E350A600F63F}.Debug|x86.ActiveCfg = Debug|Any CPU
		{E8F006CD-4DBB-4F4F-BFBC-E350A600F63F}.Debug|x86.Build.0 = Debug|Any CPU
		{E8F006CD-4DBB-4F4F-BFBC-E350A600F63F}.Release|Any CPU.ActiveCfg = Release|Any CPU
		{E8F006CD-4DBB-4F4F-BFBC-E350A600F63F}.Release|Any CPU.Build.0 = Release|Any CPU
		{E8F006CD-4DBB-4F4F-BFBC-E350A600F63F}.Release|x86.ActiveCfg = Release|Any CPU
		{E8F006CD-4DBB-4F4F-BFBC-E350A600F63F}.Release|x86.Build.0 = Release|Any CPU
		{7E3FDAAC-242D-40CD-9782-0A8487FD0070}.Debug|Any CPU.ActiveCfg = Debug|Any CPU
		{7E3FDAAC-242D-40CD-9782-0A8487FD0070}.Debug|Any CPU.Build.0 = Debug|Any CPU
		{7E3FDAAC-242D-40CD-9782-0A8487FD0070}.Debug|x86.ActiveCfg = Debug|Any CPU
		{7E3FDAAC-242D-40CD-9782-0A8487FD0070}.Debug|x86.Build.0 = Debug|Any CPU
		{7E3FDAAC-242D-40CD-9782-0A8487FD0070}.Release|Any CPU.ActiveCfg = Release|Any CPU
		{7E3FDAAC-242D-40CD-9782-0A8487FD0070}.Release|Any CPU.Build.0 = Release|Any CPU
		{7E3FDAAC-242D-40CD-9782-0A8487FD0070}.Release|x86.ActiveCfg = Release|Any CPU
		{7E3FDAAC-242D-40CD-9782-0A8487FD0070}.Release|x86.Build.0 = Release|Any CPU
		{01319EE9-D2D4-4946-9663-6177DDFA4D54}.Debug|Any CPU.ActiveCfg = Debug|Any CPU
		{01319EE9-D2D4-4946-9663-6177DDFA4D54}.Debug|Any CPU.Build.0 = Debug|Any CPU
		{01319EE9-D2D4-4946-9663-6177DDFA4D54}.Debug|x86.ActiveCfg = Debug|Any CPU
		{01319EE9-D2D4-4946-9663-6177DDFA4D54}.Debug|x86.Build.0 = Debug|Any CPU
		{01319EE9-D2D4-4946-9663-6177DDFA4D54}.Release|Any CPU.ActiveCfg = Release|Any CPU
		{01319EE9-D2D4-4946-9663-6177DDFA4D54}.Release|Any CPU.Build.0 = Release|Any CPU
		{01319EE9-D2D4-4946-9663-6177DDFA4D54}.Release|x86.ActiveCfg = Release|Any CPU
		{01319EE9-D2D4-4946-9663-6177DDFA4D54}.Release|x86.Build.0 = Release|Any CPU
		{018B4391-8C98-445A-9EC9-92AD4B9CD756}.Debug|Any CPU.ActiveCfg = Debug|Any CPU
		{018B4391-8C98-445A-9EC9-92AD4B9CD756}.Debug|Any CPU.Build.0 = Debug|Any CPU
		{018B4391-8C98-445A-9EC9-92AD4B9CD756}.Debug|x86.ActiveCfg = Debug|Any CPU
		{018B4391-8C98-445A-9EC9-92AD4B9CD756}.Debug|x86.Build.0 = Debug|Any CPU
		{018B4391-8C98-445A-9EC9-92AD4B9CD756}.Release|Any CPU.ActiveCfg = Release|Any CPU
		{018B4391-8C98-445A-9EC9-92AD4B9CD756}.Release|Any CPU.Build.0 = Release|Any CPU
		{018B4391-8C98-445A-9EC9-92AD4B9CD756}.Release|x86.ActiveCfg = Release|Any CPU
		{018B4391-8C98-445A-9EC9-92AD4B9CD756}.Release|x86.Build.0 = Release|Any CPU
		{ACC85EF2-35D8-4A48-AA09-24BC6740CAC0}.Debug|Any CPU.ActiveCfg = Debug|Any CPU
		{ACC85EF2-35D8-4A48-AA09-24BC6740CAC0}.Debug|Any CPU.Build.0 = Debug|Any CPU
		{ACC85EF2-35D8-4A48-AA09-24BC6740CAC0}.Debug|x86.ActiveCfg = Debug|Any CPU
		{ACC85EF2-35D8-4A48-AA09-24BC6740CAC0}.Debug|x86.Build.0 = Debug|Any CPU
		{ACC85EF2-35D8-4A48-AA09-24BC6740CAC0}.Release|Any CPU.ActiveCfg = Release|Any CPU
		{ACC85EF2-35D8-4A48-AA09-24BC6740CAC0}.Release|Any CPU.Build.0 = Release|Any CPU
		{ACC85EF2-35D8-4A48-AA09-24BC6740CAC0}.Release|x86.ActiveCfg = Release|Any CPU
		{ACC85EF2-35D8-4A48-AA09-24BC6740CAC0}.Release|x86.Build.0 = Release|Any CPU
		{BF116920-FD6E-46F3-AA3A-B401F18AC44F}.Debug|Any CPU.ActiveCfg = Debug|Any CPU
		{BF116920-FD6E-46F3-AA3A-B401F18AC44F}.Debug|Any CPU.Build.0 = Debug|Any CPU
		{BF116920-FD6E-46F3-AA3A-B401F18AC44F}.Debug|x86.ActiveCfg = Debug|Any CPU
		{BF116920-FD6E-46F3-AA3A-B401F18AC44F}.Debug|x86.Build.0 = Debug|Any CPU
		{BF116920-FD6E-46F3-AA3A-B401F18AC44F}.Release|Any CPU.ActiveCfg = Release|Any CPU
		{BF116920-FD6E-46F3-AA3A-B401F18AC44F}.Release|Any CPU.Build.0 = Release|Any CPU
		{BF116920-FD6E-46F3-AA3A-B401F18AC44F}.Release|x86.ActiveCfg = Release|Any CPU
		{BF116920-FD6E-46F3-AA3A-B401F18AC44F}.Release|x86.Build.0 = Release|Any CPU
		{63839911-E215-4478-A3BA-80D7F9F27883}.Debug|Any CPU.ActiveCfg = Debug|Any CPU
		{63839911-E215-4478-A3BA-80D7F9F27883}.Debug|Any CPU.Build.0 = Debug|Any CPU
		{63839911-E215-4478-A3BA-80D7F9F27883}.Debug|x86.ActiveCfg = Debug|Any CPU
		{63839911-E215-4478-A3BA-80D7F9F27883}.Debug|x86.Build.0 = Debug|Any CPU
		{63839911-E215-4478-A3BA-80D7F9F27883}.Release|Any CPU.ActiveCfg = Release|Any CPU
		{63839911-E215-4478-A3BA-80D7F9F27883}.Release|Any CPU.Build.0 = Release|Any CPU
		{63839911-E215-4478-A3BA-80D7F9F27883}.Release|x86.ActiveCfg = Release|Any CPU
		{63839911-E215-4478-A3BA-80D7F9F27883}.Release|x86.Build.0 = Release|Any CPU
	EndGlobalSection
	GlobalSection(SolutionProperties) = preSolution
		HideSolutionNode = FALSE
	EndGlobalSection
	GlobalSection(NestedProjects) = preSolution
		{018B4391-8C98-445A-9EC9-92AD4B9CD756} = {3BA3991C-C8EC-4B0B-AC58-30C2382E41BF}
		{ACC85EF2-35D8-4A48-AA09-24BC6740CAC0} = {3BA3991C-C8EC-4B0B-AC58-30C2382E41BF}
		{BF116920-FD6E-46F3-AA3A-B401F18AC44F} = {3BA3991C-C8EC-4B0B-AC58-30C2382E41BF}
		{63839911-E215-4478-A3BA-80D7F9F27883} = {3BA3991C-C8EC-4B0B-AC58-30C2382E41BF}
	EndGlobalSection
	GlobalSection(ExtensibilityGlobals) = postSolution
		SolutionGuid = {FD60E938-DB16-4486-8BEF-4F2CE460E71D}
	EndGlobalSection
EndGlobal
