
Microsoft Visual Studio Solution File, Format Version 12.00
# Visual Studio 15
VisualStudioVersion = 15.0.27130.2026
MinimumVisualStudioVersion = 10.0.40219.1
Project("{9A19103F-16F7-4668-BE54-9A1E7A4F7556}") = "LoraKeysManagerFacade", "LoraKeysManagerFacade\LoraKeysManagerFacade.csproj", "{7E3FDAAC-242D-40CD-9782-0A8487FD0070}"
EndProject
Project("{9A19103F-16F7-4668-BE54-9A1E7A4F7556}") = "LoRaTools", "modules\LoRaWanNetworkSrvModule\LoraTools\LoRaTools.csproj", "{1AAB01AD-C93F-4876-B031-B08C26700CA1}"
EndProject
Project("{9A19103F-16F7-4668-BE54-9A1E7A4F7556}") = "LoRaWan.NetworkServer", "modules\LoRaWanNetworkSrvModule\LoRaWan.NetworkServer\LoRaWan.NetworkServer.csproj", "{3BC3C6B9-7A4C-469F-AF55-E4525EA89DC6}"
EndProject
Project("{9A19103F-16F7-4668-BE54-9A1E7A4F7556}") = "LoRaWanNetworkSrvModule", "modules\LoRaWanNetworkSrvModule\LoRaWanNetworkSrvModule\LoRaWanNetworkSrvModule.csproj", "{B563A551-BF18-4A79-804F-6E8A3AB31990}"
EndProject
Project("{9A19103F-16F7-4668-BE54-9A1E7A4F7556}") = "LoRaWanTest", "modules\LoRaWanNetworkSrvModule\LoRaToolsTest\LoRaWanTest.csproj", "{E96EDB52-7BCD-4418-BE7D-0C914EAA874D}"
EndProject
Project("{9A19103F-16F7-4668-BE54-9A1E7A4F7556}") = "Logger", "modules\LoRaWanNetworkSrvModule\Logger\Logger.csproj", "{0F8CDB3B-34C9-4C14-B4B2-34BCAD232D45}"
EndProject
Project("{FAE04EC0-301F-11D3-BF4B-00C04F79EFBC}") = "LoRaWan.IntegrationTest", "test\LoRaWan.IntegrationTest\LoRaWan.IntegrationTest.csproj", "{26DF2637-43E0-4FFF-92BD-F4395C88DD50}"
EndProject
Project("{2150E333-8FDC-42A3-9474-1A3956D46DE8}") = "tests", "tests", "{A3AF6806-947C-426F-8063-7229B71A4472}"
EndProject
Project("{FAE04EC0-301F-11D3-BF4B-00C04F79EFBC}") = "LoRaWanNetworkServer.Test", "test\LoRaWanNetworkServer.Test\LoRaWanNetworkServer.Test.csproj", "{D65BF8E2-DB42-4EA9-8A5E-CD7E671C4305}"
EndProject
Global
	GlobalSection(SolutionConfigurationPlatforms) = preSolution
		Debug|Any CPU = Debug|Any CPU
		Debug|x86 = Debug|x86
		Release|Any CPU = Release|Any CPU
		Release|x86 = Release|x86
	EndGlobalSection
	GlobalSection(ProjectConfigurationPlatforms) = postSolution
		{7E3FDAAC-242D-40CD-9782-0A8487FD0070}.Debug|Any CPU.ActiveCfg = Debug|Any CPU
		{7E3FDAAC-242D-40CD-9782-0A8487FD0070}.Debug|Any CPU.Build.0 = Debug|Any CPU
		{7E3FDAAC-242D-40CD-9782-0A8487FD0070}.Debug|x86.ActiveCfg = Debug|Any CPU
		{7E3FDAAC-242D-40CD-9782-0A8487FD0070}.Debug|x86.Build.0 = Debug|Any CPU
		{7E3FDAAC-242D-40CD-9782-0A8487FD0070}.Release|Any CPU.ActiveCfg = Release|Any CPU
		{7E3FDAAC-242D-40CD-9782-0A8487FD0070}.Release|Any CPU.Build.0 = Release|Any CPU
		{7E3FDAAC-242D-40CD-9782-0A8487FD0070}.Release|x86.ActiveCfg = Release|Any CPU
		{7E3FDAAC-242D-40CD-9782-0A8487FD0070}.Release|x86.Build.0 = Release|Any CPU
		{1AAB01AD-C93F-4876-B031-B08C26700CA1}.Debug|Any CPU.ActiveCfg = Debug|Any CPU
		{1AAB01AD-C93F-4876-B031-B08C26700CA1}.Debug|Any CPU.Build.0 = Debug|Any CPU
		{1AAB01AD-C93F-4876-B031-B08C26700CA1}.Debug|x86.ActiveCfg = Debug|Any CPU
		{1AAB01AD-C93F-4876-B031-B08C26700CA1}.Debug|x86.Build.0 = Debug|Any CPU
		{1AAB01AD-C93F-4876-B031-B08C26700CA1}.Release|Any CPU.ActiveCfg = Release|Any CPU
		{1AAB01AD-C93F-4876-B031-B08C26700CA1}.Release|Any CPU.Build.0 = Release|Any CPU
		{1AAB01AD-C93F-4876-B031-B08C26700CA1}.Release|x86.ActiveCfg = Release|Any CPU
		{1AAB01AD-C93F-4876-B031-B08C26700CA1}.Release|x86.Build.0 = Release|Any CPU
		{3BC3C6B9-7A4C-469F-AF55-E4525EA89DC6}.Debug|Any CPU.ActiveCfg = Debug|Any CPU
		{3BC3C6B9-7A4C-469F-AF55-E4525EA89DC6}.Debug|Any CPU.Build.0 = Debug|Any CPU
		{3BC3C6B9-7A4C-469F-AF55-E4525EA89DC6}.Debug|x86.ActiveCfg = Debug|Any CPU
		{3BC3C6B9-7A4C-469F-AF55-E4525EA89DC6}.Debug|x86.Build.0 = Debug|Any CPU
		{3BC3C6B9-7A4C-469F-AF55-E4525EA89DC6}.Release|Any CPU.ActiveCfg = Release|Any CPU
		{3BC3C6B9-7A4C-469F-AF55-E4525EA89DC6}.Release|Any CPU.Build.0 = Release|Any CPU
		{3BC3C6B9-7A4C-469F-AF55-E4525EA89DC6}.Release|x86.ActiveCfg = Release|Any CPU
		{3BC3C6B9-7A4C-469F-AF55-E4525EA89DC6}.Release|x86.Build.0 = Release|Any CPU
		{B563A551-BF18-4A79-804F-6E8A3AB31990}.Debug|Any CPU.ActiveCfg = Debug|Any CPU
		{B563A551-BF18-4A79-804F-6E8A3AB31990}.Debug|Any CPU.Build.0 = Debug|Any CPU
		{B563A551-BF18-4A79-804F-6E8A3AB31990}.Debug|x86.ActiveCfg = Debug|Any CPU
		{B563A551-BF18-4A79-804F-6E8A3AB31990}.Debug|x86.Build.0 = Debug|Any CPU
		{B563A551-BF18-4A79-804F-6E8A3AB31990}.Release|Any CPU.ActiveCfg = Release|Any CPU
		{B563A551-BF18-4A79-804F-6E8A3AB31990}.Release|Any CPU.Build.0 = Release|Any CPU
		{B563A551-BF18-4A79-804F-6E8A3AB31990}.Release|x86.ActiveCfg = Release|Any CPU
		{B563A551-BF18-4A79-804F-6E8A3AB31990}.Release|x86.Build.0 = Release|Any CPU
		{E96EDB52-7BCD-4418-BE7D-0C914EAA874D}.Debug|Any CPU.ActiveCfg = Debug|Any CPU
		{E96EDB52-7BCD-4418-BE7D-0C914EAA874D}.Debug|Any CPU.Build.0 = Debug|Any CPU
		{E96EDB52-7BCD-4418-BE7D-0C914EAA874D}.Debug|x86.ActiveCfg = Debug|Any CPU
		{E96EDB52-7BCD-4418-BE7D-0C914EAA874D}.Debug|x86.Build.0 = Debug|Any CPU
		{E96EDB52-7BCD-4418-BE7D-0C914EAA874D}.Release|Any CPU.ActiveCfg = Release|Any CPU
		{E96EDB52-7BCD-4418-BE7D-0C914EAA874D}.Release|Any CPU.Build.0 = Release|Any CPU
		{E96EDB52-7BCD-4418-BE7D-0C914EAA874D}.Release|x86.ActiveCfg = Release|Any CPU
		{E96EDB52-7BCD-4418-BE7D-0C914EAA874D}.Release|x86.Build.0 = Release|Any CPU
		{0F8CDB3B-34C9-4C14-B4B2-34BCAD232D45}.Debug|Any CPU.ActiveCfg = Debug|Any CPU
		{0F8CDB3B-34C9-4C14-B4B2-34BCAD232D45}.Debug|Any CPU.Build.0 = Debug|Any CPU
		{0F8CDB3B-34C9-4C14-B4B2-34BCAD232D45}.Debug|x86.ActiveCfg = Debug|Any CPU
		{0F8CDB3B-34C9-4C14-B4B2-34BCAD232D45}.Debug|x86.Build.0 = Debug|Any CPU
		{0F8CDB3B-34C9-4C14-B4B2-34BCAD232D45}.Release|Any CPU.ActiveCfg = Release|Any CPU
		{0F8CDB3B-34C9-4C14-B4B2-34BCAD232D45}.Release|Any CPU.Build.0 = Release|Any CPU
		{0F8CDB3B-34C9-4C14-B4B2-34BCAD232D45}.Release|x86.ActiveCfg = Release|Any CPU
		{0F8CDB3B-34C9-4C14-B4B2-34BCAD232D45}.Release|x86.Build.0 = Release|Any CPU
		{26DF2637-43E0-4FFF-92BD-F4395C88DD50}.Debug|Any CPU.ActiveCfg = Debug|Any CPU
		{26DF2637-43E0-4FFF-92BD-F4395C88DD50}.Debug|Any CPU.Build.0 = Debug|Any CPU
		{26DF2637-43E0-4FFF-92BD-F4395C88DD50}.Debug|x86.ActiveCfg = Debug|Any CPU
		{26DF2637-43E0-4FFF-92BD-F4395C88DD50}.Debug|x86.Build.0 = Debug|Any CPU
		{26DF2637-43E0-4FFF-92BD-F4395C88DD50}.Release|Any CPU.ActiveCfg = Release|Any CPU
		{26DF2637-43E0-4FFF-92BD-F4395C88DD50}.Release|Any CPU.Build.0 = Release|Any CPU
		{26DF2637-43E0-4FFF-92BD-F4395C88DD50}.Release|x86.ActiveCfg = Release|Any CPU
		{26DF2637-43E0-4FFF-92BD-F4395C88DD50}.Release|x86.Build.0 = Release|Any CPU
		{D65BF8E2-DB42-4EA9-8A5E-CD7E671C4305}.Debug|Any CPU.ActiveCfg = Debug|Any CPU
		{D65BF8E2-DB42-4EA9-8A5E-CD7E671C4305}.Debug|Any CPU.Build.0 = Debug|Any CPU
		{D65BF8E2-DB42-4EA9-8A5E-CD7E671C4305}.Debug|x86.ActiveCfg = Debug|Any CPU
		{D65BF8E2-DB42-4EA9-8A5E-CD7E671C4305}.Debug|x86.Build.0 = Debug|Any CPU
		{D65BF8E2-DB42-4EA9-8A5E-CD7E671C4305}.Release|Any CPU.ActiveCfg = Release|Any CPU
		{D65BF8E2-DB42-4EA9-8A5E-CD7E671C4305}.Release|Any CPU.Build.0 = Release|Any CPU
		{D65BF8E2-DB42-4EA9-8A5E-CD7E671C4305}.Release|x86.ActiveCfg = Release|Any CPU
		{D65BF8E2-DB42-4EA9-8A5E-CD7E671C4305}.Release|x86.Build.0 = Release|Any CPU
	EndGlobalSection
	GlobalSection(SolutionProperties) = preSolution
		HideSolutionNode = FALSE
	EndGlobalSection
	GlobalSection(ExtensibilityGlobals) = postSolution
		SolutionGuid = {FD60E938-DB16-4486-8BEF-4F2CE460E71D}
	EndGlobalSection
	GlobalSection(NestedProjects) = preSolution
		{26DF2637-43E0-4FFF-92BD-F4395C88DD50} = {A3AF6806-947C-426F-8063-7229B71A4472}
		{E96EDB52-7BCD-4418-BE7D-0C914EAA874D} = {A3AF6806-947C-426F-8063-7229B71A4472}
		{D65BF8E2-DB42-4EA9-8A5E-CD7E671C4305} = {A3AF6806-947C-426F-8063-7229B71A4472}
	EndGlobalSection
EndGlobal
