
Microsoft Visual Studio Solution File, Format Version 12.00
# Visual Studio Version 16
VisualStudioVersion = 16.0.28701.123
MinimumVisualStudioVersion = 10.0.40219.1
Project("{9A19103F-16F7-4668-BE54-9A1E7A4F7556}") = "Cli-LoRa-Device-Provisioning", "Cli-LoRa-Device-Provisioning.csproj", "{87A3F193-8161-466F-9157-CCBFE8936DDE}"
EndProject
Global
	GlobalSection(SolutionConfigurationPlatforms) = preSolution
		Debug|Any CPU = Debug|Any CPU
		Release|Any CPU = Release|Any CPU
	EndGlobalSection
	GlobalSection(ProjectConfigurationPlatforms) = postSolution
		{87A3F193-8161-466F-9157-CCBFE8936DDE}.Debug|Any CPU.ActiveCfg = Debug|Any CPU
		{87A3F193-8161-466F-9157-CCBFE8936DDE}.Debug|Any CPU.Build.0 = Debug|Any CPU
		{87A3F193-8161-466F-9157-CCBFE8936DDE}.Release|Any CPU.ActiveCfg = Release|Any CPU
		{87A3F193-8161-466F-9157-CCBFE8936DDE}.Release|Any CPU.Build.0 = Release|Any CPU
	EndGlobalSection
	GlobalSection(SolutionProperties) = preSolution
		HideSolutionNode = FALSE
	EndGlobalSection
	GlobalSection(ExtensibilityGlobals) = postSolution
		SolutionGuid = {00860FFA-EA04-4309-9923-180B16973CE7}
	EndGlobalSection
EndGlobal
