
Microsoft Visual Studio Solution File, Format Version 12.00
# Visual Studio 15
VisualStudioVersion = 15.0.27428.2037
MinimumVisualStudioVersion = 10.0.40219.1
Project("{9A19103F-16F7-4668-BE54-9A1E7A4F7556}") = "LoRaWan.NetworkServer", "LoRaWan.NetworkServer\LoRaWan.NetworkServer.csproj", "{3567DA75-0971-467E-9F29-EB1ADFEA9381}"
EndProject
Project("{2150E333-8FDC-42A3-9474-1A3956D46DE8}") = "Test", "Test", "{46CFFE97-CD8C-4CEE-9881-ABE147D8CE18}"
EndProject
Project("{9A19103F-16F7-4668-BE54-9A1E7A4F7556}") = "CmdWrapper", "CmdWrapper\CmdWrapper.csproj", "{D40199A3-5BEB-40E8-B13E-F3250A807FBC}"
EndProject
Project("{9A19103F-16F7-4668-BE54-9A1E7A4F7556}") = "LoRaWanNetworkSrvModule", "LoRaWanNetworkSrvModule\LoRaWanNetworkSrvModule.csproj", "{2C9DC203-E201-4C6D-8357-E1676DCB358D}"
EndProject
Global
	GlobalSection(SolutionConfigurationPlatforms) = preSolution
		Debug|Any CPU = Debug|Any CPU
		Release|Any CPU = Release|Any CPU
	EndGlobalSection
	GlobalSection(ProjectConfigurationPlatforms) = postSolution
		{3567DA75-0971-467E-9F29-EB1ADFEA9381}.Debug|Any CPU.ActiveCfg = Debug|Any CPU
		{3567DA75-0971-467E-9F29-EB1ADFEA9381}.Debug|Any CPU.Build.0 = Debug|Any CPU
		{3567DA75-0971-467E-9F29-EB1ADFEA9381}.Release|Any CPU.ActiveCfg = Release|Any CPU
		{3567DA75-0971-467E-9F29-EB1ADFEA9381}.Release|Any CPU.Build.0 = Release|Any CPU
		{D40199A3-5BEB-40E8-B13E-F3250A807FBC}.Debug|Any CPU.ActiveCfg = Debug|Any CPU
		{D40199A3-5BEB-40E8-B13E-F3250A807FBC}.Debug|Any CPU.Build.0 = Debug|Any CPU
		{D40199A3-5BEB-40E8-B13E-F3250A807FBC}.Release|Any CPU.ActiveCfg = Release|Any CPU
		{D40199A3-5BEB-40E8-B13E-F3250A807FBC}.Release|Any CPU.Build.0 = Release|Any CPU
		{2C9DC203-E201-4C6D-8357-E1676DCB358D}.Debug|Any CPU.ActiveCfg = Debug|Any CPU
		{2C9DC203-E201-4C6D-8357-E1676DCB358D}.Debug|Any CPU.Build.0 = Debug|Any CPU
		{2C9DC203-E201-4C6D-8357-E1676DCB358D}.Release|Any CPU.ActiveCfg = Release|Any CPU
		{2C9DC203-E201-4C6D-8357-E1676DCB358D}.Release|Any CPU.Build.0 = Release|Any CPU
	EndGlobalSection
	GlobalSection(SolutionProperties) = preSolution
		HideSolutionNode = FALSE
	EndGlobalSection
	GlobalSection(NestedProjects) = preSolution
		{D40199A3-5BEB-40E8-B13E-F3250A807FBC} = {46CFFE97-CD8C-4CEE-9881-ABE147D8CE18}
	EndGlobalSection
	GlobalSection(ExtensibilityGlobals) = postSolution
		SolutionGuid = {FD60E938-DB16-4486-8BEF-4F2CE460E71D}
	EndGlobalSection
EndGlobal
