
Microsoft Visual Studio Solution File, Format Version 12.00
# Visual Studio Version 16
VisualStudioVersion = 16.0.30225.117
MinimumVisualStudioVersion = 10.0.40219.1
Project("{FAE04EC0-301F-11D3-BF4B-00C04F79EFBC}") = "SensorDecoderModule", "SensorDecoderModule.csproj", "{CFD1D1EC-201B-4AB3-B55A-10A8DD637C3D}"
EndProject
Global
	GlobalSection(SolutionConfigurationPlatforms) = preSolution
		Debug|Any CPU = Debug|Any CPU
		Release|Any CPU = Release|Any CPU
	EndGlobalSection
	GlobalSection(ProjectConfigurationPlatforms) = postSolution
		{CFD1D1EC-201B-4AB3-B55A-10A8DD637C3D}.Debug|Any CPU.ActiveCfg = Debug|Any CPU
		{CFD1D1EC-201B-4AB3-B55A-10A8DD637C3D}.Debug|Any CPU.Build.0 = Debug|Any CPU
		{CFD1D1EC-201B-4AB3-B55A-10A8DD637C3D}.Release|Any CPU.ActiveCfg = Release|Any CPU
		{CFD1D1EC-201B-4AB3-B55A-10A8DD637C3D}.Release|Any CPU.Build.0 = Release|Any CPU
	EndGlobalSection
	GlobalSection(SolutionProperties) = preSolution
		HideSolutionNode = FALSE
	EndGlobalSection
	GlobalSection(ExtensibilityGlobals) = postSolution
		SolutionGuid = {BFDAE638-1395-4F1D-BA46-6E970F9D5ECA}
	EndGlobalSection
EndGlobal
