
Microsoft Visual Studio Solution File, Format Version 12.00
# Visual Studio 15
VisualStudioVersion = 15.0.27703.2047
MinimumVisualStudioVersion = 10.0.40219.1
Project("{FAE04EC0-301F-11D3-BF4B-00C04F79EFBC}") = "LoRaWANCLI", "LoRaWANCLI\LoRaWANCLI.csproj", "{C4B07569-3493-410D-837D-A2DDE6D28AD0}"
EndProject
Project("{FAE04EC0-301F-11D3-BF4B-00C04F79EFBC}") = "LoRaWANDevice", "LoRaWANDevice\LoRaWANDevice.csproj", "{4D241A87-4917-47C2-907C-25B02B665E5F}"
EndProject
Project("{FAE04EC0-301F-11D3-BF4B-00C04F79EFBC}") = "XUnitOneWeek", "XUnitOneWeek\XUnitOneWeek.csproj", "{F23277C1-3EE8-44C8-AE99-B767CD67BDC6}"
EndProject
Global
	GlobalSection(SolutionConfigurationPlatforms) = preSolution
		Debug|Any CPU = Debug|Any CPU
		Release|Any CPU = Release|Any CPU
	EndGlobalSection
	GlobalSection(ProjectConfigurationPlatforms) = postSolution
		{C4B07569-3493-410D-837D-A2DDE6D28AD0}.Debug|Any CPU.ActiveCfg = Debug|Any CPU
		{C4B07569-3493-410D-837D-A2DDE6D28AD0}.Debug|Any CPU.Build.0 = Debug|Any CPU
		{C4B07569-3493-410D-837D-A2DDE6D28AD0}.Release|Any CPU.ActiveCfg = Release|Any CPU
		{C4B07569-3493-410D-837D-A2DDE6D28AD0}.Release|Any CPU.Build.0 = Release|Any CPU
		{4D241A87-4917-47C2-907C-25B02B665E5F}.Debug|Any CPU.ActiveCfg = Debug|Any CPU
		{4D241A87-4917-47C2-907C-25B02B665E5F}.Debug|Any CPU.Build.0 = Debug|Any CPU
		{4D241A87-4917-47C2-907C-25B02B665E5F}.Release|Any CPU.ActiveCfg = Release|Any CPU
		{4D241A87-4917-47C2-907C-25B02B665E5F}.Release|Any CPU.Build.0 = Release|Any CPU
		{F23277C1-3EE8-44C8-AE99-B767CD67BDC6}.Debug|Any CPU.ActiveCfg = Debug|Any CPU
		{F23277C1-3EE8-44C8-AE99-B767CD67BDC6}.Debug|Any CPU.Build.0 = Debug|Any CPU
		{F23277C1-3EE8-44C8-AE99-B767CD67BDC6}.Release|Any CPU.ActiveCfg = Release|Any CPU
		{F23277C1-3EE8-44C8-AE99-B767CD67BDC6}.Release|Any CPU.Build.0 = Release|Any CPU
	EndGlobalSection
	GlobalSection(SolutionProperties) = preSolution
		HideSolutionNode = FALSE
	EndGlobalSection
	GlobalSection(ExtensibilityGlobals) = postSolution
		SolutionGuid = {5B1940E4-BAAB-4D08-B63C-929620D73BC6}
	EndGlobalSection
EndGlobal
